
Microsoft Visual Studio Solution File, Format Version 12.00
# Visual Studio Version 17
VisualStudioVersion = 17.4.33205.214
MinimumVisualStudioVersion = 10.0.40219.1
Project("{FAE04EC0-301F-11D3-BF4B-00C04F79EFBC}") = "EFrelations", "EFrelations\EFrelations.csproj", "{F5857DCE-0CA1-4A07-9085-4706D8C7917E}"
EndProject
Global
	GlobalSection(SolutionConfigurationPlatforms) = preSolution
		Debug|Any CPU = Debug|Any CPU
		Release|Any CPU = Release|Any CPU
	EndGlobalSection
	GlobalSection(ProjectConfigurationPlatforms) = postSolution
		{F5857DCE-0CA1-4A07-9085-4706D8C7917E}.Debug|Any CPU.ActiveCfg = Debug|Any CPU
		{F5857DCE-0CA1-4A07-9085-4706D8C7917E}.Debug|Any CPU.Build.0 = Debug|Any CPU
		{F5857DCE-0CA1-4A07-9085-4706D8C7917E}.Release|Any CPU.ActiveCfg = Release|Any CPU
		{F5857DCE-0CA1-4A07-9085-4706D8C7917E}.Release|Any CPU.Build.0 = Release|Any CPU
	EndGlobalSection
	GlobalSection(SolutionProperties) = preSolution
		HideSolutionNode = FALSE
	EndGlobalSection
	GlobalSection(ExtensibilityGlobals) = postSolution
		SolutionGuid = {C65CBD9C-123A-4D28-BBA5-CD1E358944EA}
	EndGlobalSection
EndGlobal
